// !$*UTF8*$!
{
	archiveVersion = 1;
	classes = {
	};
	objectVersion = 56;
	objects = {

/* Begin PBXBuildFile section */
		11866A9C29E845D1000D9379 /* AppDelegate.swift in Sources */ = {isa = PBXBuildFile; fileRef = 11866A9B29E845D1000D9379 /* AppDelegate.swift */; };
		11866A9E29E845D1000D9379 /* SceneDelegate.swift in Sources */ = {isa = PBXBuildFile; fileRef = 11866A9D29E845D1000D9379 /* SceneDelegate.swift */; };
		11866AA029E845D1000D9379 /* MainViewController.swift in Sources */ = {isa = PBXBuildFile; fileRef = 11866A9F29E845D1000D9379 /* MainViewController.swift */; };
		11866AA529E845D2000D9379 /* Assets.xcassets in Resources */ = {isa = PBXBuildFile; fileRef = 11866AA429E845D2000D9379 /* Assets.xcassets */; };
		11866AA829E845D2000D9379 /* LaunchScreen.storyboard in Resources */ = {isa = PBXBuildFile; fileRef = 11866AA629E845D2000D9379 /* LaunchScreen.storyboard */; };
		11866AB529E84AD3000D9379 /* GLTFSceneKit in Frameworks */ = {isa = PBXBuildFile; productRef = 11866AB429E84AD3000D9379 /* GLTFSceneKit */; };
		11866AB829E84B95000D9379 /* ImageLoader.swift in Sources */ = {isa = PBXBuildFile; fileRef = 11866AB729E84B95000D9379 /* ImageLoader.swift */; };
		11866ABA29E84BE7000D9379 /* MainView.swift in Sources */ = {isa = PBXBuildFile; fileRef = 11866AB929E84BE7000D9379 /* MainView.swift */; };
		11866ABC29E84C32000D9379 /* MainConstants.swift in Sources */ = {isa = PBXBuildFile; fileRef = 11866ABB29E84C32000D9379 /* MainConstants.swift */; };
		11866ABE29E84D59000D9379 /* MainBuilder.swift in Sources */ = {isa = PBXBuildFile; fileRef = 11866ABD29E84D59000D9379 /* MainBuilder.swift */; };
/* End PBXBuildFile section */

/* Begin PBXFileReference section */
		11866A9829E845D1000D9379 /* ARExample.app */ = {isa = PBXFileReference; explicitFileType = wrapper.application; includeInIndex = 0; path = ARExample.app; sourceTree = BUILT_PRODUCTS_DIR; };
		11866A9B29E845D1000D9379 /* AppDelegate.swift */ = {isa = PBXFileReference; lastKnownFileType = sourcecode.swift; path = AppDelegate.swift; sourceTree = "<group>"; };
		11866A9D29E845D1000D9379 /* SceneDelegate.swift */ = {isa = PBXFileReference; lastKnownFileType = sourcecode.swift; path = SceneDelegate.swift; sourceTree = "<group>"; };
		11866A9F29E845D1000D9379 /* MainViewController.swift */ = {isa = PBXFileReference; lastKnownFileType = sourcecode.swift; path = MainViewController.swift; sourceTree = "<group>"; };
		11866AA429E845D2000D9379 /* Assets.xcassets */ = {isa = PBXFileReference; lastKnownFileType = folder.assetcatalog; path = Assets.xcassets; sourceTree = "<group>"; };
		11866AA729E845D2000D9379 /* Base */ = {isa = PBXFileReference; lastKnownFileType = file.storyboard; name = Base; path = Base.lproj/LaunchScreen.storyboard; sourceTree = "<group>"; };
		11866AA929E845D2000D9379 /* Info.plist */ = {isa = PBXFileReference; lastKnownFileType = text.plist.xml; path = Info.plist; sourceTree = "<group>"; };
		11866AB729E84B95000D9379 /* ImageLoader.swift */ = {isa = PBXFileReference; lastKnownFileType = sourcecode.swift; path = ImageLoader.swift; sourceTree = "<group>"; };
		11866AB929E84BE7000D9379 /* MainView.swift */ = {isa = PBXFileReference; lastKnownFileType = sourcecode.swift; path = MainView.swift; sourceTree = "<group>"; };
		11866ABB29E84C32000D9379 /* MainConstants.swift */ = {isa = PBXFileReference; lastKnownFileType = sourcecode.swift; path = MainConstants.swift; sourceTree = "<group>"; };
		11866ABD29E84D59000D9379 /* MainBuilder.swift */ = {isa = PBXFileReference; lastKnownFileType = sourcecode.swift; path = MainBuilder.swift; sourceTree = "<group>"; };
/* End PBXFileReference section */

/* Begin PBXFrameworksBuildPhase section */
		11866A9529E845D1000D9379 /* Frameworks */ = {
			isa = PBXFrameworksBuildPhase;
			buildActionMask = 2147483647;
			files = (
				11866AB529E84AD3000D9379 /* GLTFSceneKit in Frameworks */,
			);
			runOnlyForDeploymentPostprocessing = 0;
		};
/* End PBXFrameworksBuildPhase section */

/* Begin PBXGroup section */
		11866A8F29E845D1000D9379 = {
			isa = PBXGroup;
			children = (
				11866A9A29E845D1000D9379 /* ARExample */,
				11866A9929E845D1000D9379 /* Products */,
			);
			sourceTree = "<group>";
		};
		11866A9929E845D1000D9379 /* Products */ = {
			isa = PBXGroup;
			children = (
				11866A9829E845D1000D9379 /* ARExample.app */,
			);
			name = Products;
			sourceTree = "<group>";
		};
		11866A9A29E845D1000D9379 /* ARExample */ = {
			isa = PBXGroup;
			children = (
				11866AAF29E84600000D9379 /* App */,
				11866AB129E84617000D9379 /* Module */,
				11866AB629E84B75000D9379 /* Service */,
				11866AB029E8460C000D9379 /* Resource */,
			);
			path = ARExample;
			sourceTree = "<group>";
		};
		11866AAF29E84600000D9379 /* App */ = {
			isa = PBXGroup;
			children = (
				11866A9B29E845D1000D9379 /* AppDelegate.swift */,
				11866A9D29E845D1000D9379 /* SceneDelegate.swift */,
				11866AA629E845D2000D9379 /* LaunchScreen.storyboard */,
				11866AA929E845D2000D9379 /* Info.plist */,
			);
			path = App;
			sourceTree = "<group>";
		};
		11866AB029E8460C000D9379 /* Resource */ = {
			isa = PBXGroup;
			children = (
				11866AA429E845D2000D9379 /* Assets.xcassets */,
			);
			path = Resource;
			sourceTree = "<group>";
		};
		11866AB129E84617000D9379 /* Module */ = {
			isa = PBXGroup;
			children = (
				11866A9F29E845D1000D9379 /* MainViewController.swift */,
				11866AB929E84BE7000D9379 /* MainView.swift */,
				11866ABB29E84C32000D9379 /* MainConstants.swift */,
				11866ABD29E84D59000D9379 /* MainBuilder.swift */,
			);
			path = Module;
			sourceTree = "<group>";
		};
		11866AB629E84B75000D9379 /* Service */ = {
			isa = PBXGroup;
			children = (
				11866AB729E84B95000D9379 /* ImageLoader.swift */,
			);
			path = Service;
			sourceTree = "<group>";
		};
/* End PBXGroup section */

/* Begin PBXNativeTarget section */
		11866A9729E845D1000D9379 /* ARExample */ = {
			isa = PBXNativeTarget;
			buildConfigurationList = 11866AAC29E845D2000D9379 /* Build configuration list for PBXNativeTarget "ARExample" */;
			buildPhases = (
				11866AB229E84669000D9379 /* Run SwiftLint */,
				11866A9429E845D1000D9379 /* Sources */,
				11866A9529E845D1000D9379 /* Frameworks */,
				11866A9629E845D1000D9379 /* Resources */,
			);
			buildRules = (
			);
			dependencies = (
			);
			name = ARExample;
			packageProductDependencies = (
				11866AB429E84AD3000D9379 /* GLTFSceneKit */,
			);
			productName = ARExample;
			productReference = 11866A9829E845D1000D9379 /* ARExample.app */;
			productType = "com.apple.product-type.application";
		};
/* End PBXNativeTarget section */

/* Begin PBXProject section */
		11866A9029E845D1000D9379 /* Project object */ = {
			isa = PBXProject;
			attributes = {
				BuildIndependentTargetsInParallel = 1;
				LastSwiftUpdateCheck = 1430;
				LastUpgradeCheck = 1430;
				TargetAttributes = {
					11866A9729E845D1000D9379 = {
						CreatedOnToolsVersion = 14.3;
					};
				};
			};
			buildConfigurationList = 11866A9329E845D1000D9379 /* Build configuration list for PBXProject "ARExample" */;
			compatibilityVersion = "Xcode 14.0";
			developmentRegion = en;
			hasScannedForEncodings = 0;
			knownRegions = (
				en,
				Base,
			);
			mainGroup = 11866A8F29E845D1000D9379;
			packageReferences = (
				11866AB329E84AD3000D9379 /* XCRemoteSwiftPackageReference "GLTFSceneKit" */,
			);
			productRefGroup = 11866A9929E845D1000D9379 /* Products */;
			projectDirPath = "";
			projectRoot = "";
			targets = (
				11866A9729E845D1000D9379 /* ARExample */,
			);
		};
/* End PBXProject section */

/* Begin PBXResourcesBuildPhase section */
		11866A9629E845D1000D9379 /* Resources */ = {
			isa = PBXResourcesBuildPhase;
			buildActionMask = 2147483647;
			files = (
				11866AA829E845D2000D9379 /* LaunchScreen.storyboard in Resources */,
				11866AA529E845D2000D9379 /* Assets.xcassets in Resources */,
			);
			runOnlyForDeploymentPostprocessing = 0;
		};
/* End PBXResourcesBuildPhase section */

/* Begin PBXShellScriptBuildPhase section */
		11866AB229E84669000D9379 /* Run SwiftLint */ = {
			isa = PBXShellScriptBuildPhase;
			alwaysOutOfDate = 1;
			buildActionMask = 2147483647;
			files = (
			);
			inputFileListPaths = (
			);
			inputPaths = (
			);
			name = "Run SwiftLint";
			outputFileListPaths = (
			);
			outputPaths = (
			);
			runOnlyForDeploymentPostprocessing = 0;
			shellPath = /bin/sh;
			shellScript = "                export PATH=\"$PATH:/opt/homebrew/bin\"\n\n                if which swiftlint > /dev/null; then\n                    swiftlint && swiftlint --fix\n                else\n                    echo \"warning: SwiftLint not installed, download from https://github.com/realm/SwiftLint\"\n                fi\n";
		};
/* End PBXShellScriptBuildPhase section */

/* Begin PBXSourcesBuildPhase section */
		11866A9429E845D1000D9379 /* Sources */ = {
			isa = PBXSourcesBuildPhase;
			buildActionMask = 2147483647;
			files = (
				11866ABC29E84C32000D9379 /* MainConstants.swift in Sources */,
				11866AA029E845D1000D9379 /* MainViewController.swift in Sources */,
				11866A9C29E845D1000D9379 /* AppDelegate.swift in Sources */,
				11866ABE29E84D59000D9379 /* MainBuilder.swift in Sources */,
				11866AB829E84B95000D9379 /* ImageLoader.swift in Sources */,
				11866ABA29E84BE7000D9379 /* MainView.swift in Sources */,
				11866A9E29E845D1000D9379 /* SceneDelegate.swift in Sources */,
			);
			runOnlyForDeploymentPostprocessing = 0;
		};
/* End PBXSourcesBuildPhase section */

/* Begin PBXVariantGroup section */
		11866AA629E845D2000D9379 /* LaunchScreen.storyboard */ = {
			isa = PBXVariantGroup;
			children = (
				11866AA729E845D2000D9379 /* Base */,
			);
			name = LaunchScreen.storyboard;
			sourceTree = "<group>";
		};
/* End PBXVariantGroup section */

/* Begin XCBuildConfiguration section */
		11866AAA29E845D2000D9379 /* Debug */ = {
			isa = XCBuildConfiguration;
			buildSettings = {
				ALWAYS_SEARCH_USER_PATHS = NO;
				CLANG_ANALYZER_NONNULL = YES;
				CLANG_ANALYZER_NUMBER_OBJECT_CONVERSION = YES_AGGRESSIVE;
				CLANG_CXX_LANGUAGE_STANDARD = "gnu++20";
				CLANG_ENABLE_MODULES = YES;
				CLANG_ENABLE_OBJC_ARC = YES;
				CLANG_ENABLE_OBJC_WEAK = YES;
				CLANG_WARN_BLOCK_CAPTURE_AUTORELEASING = YES;
				CLANG_WARN_BOOL_CONVERSION = YES;
				CLANG_WARN_COMMA = YES;
				CLANG_WARN_CONSTANT_CONVERSION = YES;
				CLANG_WARN_DEPRECATED_OBJC_IMPLEMENTATIONS = YES;
				CLANG_WARN_DIRECT_OBJC_ISA_USAGE = YES_ERROR;
				CLANG_WARN_DOCUMENTATION_COMMENTS = YES;
				CLANG_WARN_EMPTY_BODY = YES;
				CLANG_WARN_ENUM_CONVERSION = YES;
				CLANG_WARN_INFINITE_RECURSION = YES;
				CLANG_WARN_INT_CONVERSION = YES;
				CLANG_WARN_NON_LITERAL_NULL_CONVERSION = YES;
				CLANG_WARN_OBJC_IMPLICIT_RETAIN_SELF = YES;
				CLANG_WARN_OBJC_LITERAL_CONVERSION = YES;
				CLANG_WARN_OBJC_ROOT_CLASS = YES_ERROR;
				CLANG_WARN_QUOTED_INCLUDE_IN_FRAMEWORK_HEADER = YES;
				CLANG_WARN_RANGE_LOOP_ANALYSIS = YES;
				CLANG_WARN_STRICT_PROTOTYPES = YES;
				CLANG_WARN_SUSPICIOUS_MOVE = YES;
				CLANG_WARN_UNGUARDED_AVAILABILITY = YES_AGGRESSIVE;
				CLANG_WARN_UNREACHABLE_CODE = YES;
				CLANG_WARN__DUPLICATE_METHOD_MATCH = YES;
				COPY_PHASE_STRIP = NO;
				DEBUG_INFORMATION_FORMAT = dwarf;
				ENABLE_STRICT_OBJC_MSGSEND = YES;
				ENABLE_TESTABILITY = YES;
				GCC_C_LANGUAGE_STANDARD = gnu11;
				GCC_DYNAMIC_NO_PIC = NO;
				GCC_NO_COMMON_BLOCKS = YES;
				GCC_OPTIMIZATION_LEVEL = 0;
				GCC_PREPROCESSOR_DEFINITIONS = (
					"DEBUG=1",
					"$(inherited)",
				);
				GCC_WARN_64_TO_32_BIT_CONVERSION = YES;
				GCC_WARN_ABOUT_RETURN_TYPE = YES_ERROR;
				GCC_WARN_UNDECLARED_SELECTOR = YES;
				GCC_WARN_UNINITIALIZED_AUTOS = YES_AGGRESSIVE;
				GCC_WARN_UNUSED_FUNCTION = YES;
				GCC_WARN_UNUSED_VARIABLE = YES;
				IPHONEOS_DEPLOYMENT_TARGET = 16.4;
				MTL_ENABLE_DEBUG_INFO = INCLUDE_SOURCE;
				MTL_FAST_MATH = YES;
				ONLY_ACTIVE_ARCH = YES;
				SDKROOT = iphoneos;
				SWIFT_ACTIVE_COMPILATION_CONDITIONS = DEBUG;
				SWIFT_OPTIMIZATION_LEVEL = "-Onone";
			};
			name = Debug;
		};
		11866AAB29E845D2000D9379 /* Release */ = {
			isa = XCBuildConfiguration;
			buildSettings = {
				ALWAYS_SEARCH_USER_PATHS = NO;
				CLANG_ANALYZER_NONNULL = YES;
				CLANG_ANALYZER_NUMBER_OBJECT_CONVERSION = YES_AGGRESSIVE;
				CLANG_CXX_LANGUAGE_STANDARD = "gnu++20";
				CLANG_ENABLE_MODULES = YES;
				CLANG_ENABLE_OBJC_ARC = YES;
				CLANG_ENABLE_OBJC_WEAK = YES;
				CLANG_WARN_BLOCK_CAPTURE_AUTORELEASING = YES;
				CLANG_WARN_BOOL_CONVERSION = YES;
				CLANG_WARN_COMMA = YES;
				CLANG_WARN_CONSTANT_CONVERSION = YES;
				CLANG_WARN_DEPRECATED_OBJC_IMPLEMENTATIONS = YES;
				CLANG_WARN_DIRECT_OBJC_ISA_USAGE = YES_ERROR;
				CLANG_WARN_DOCUMENTATION_COMMENTS = YES;
				CLANG_WARN_EMPTY_BODY = YES;
				CLANG_WARN_ENUM_CONVERSION = YES;
				CLANG_WARN_INFINITE_RECURSION = YES;
				CLANG_WARN_INT_CONVERSION = YES;
				CLANG_WARN_NON_LITERAL_NULL_CONVERSION = YES;
				CLANG_WARN_OBJC_IMPLICIT_RETAIN_SELF = YES;
				CLANG_WARN_OBJC_LITERAL_CONVERSION = YES;
				CLANG_WARN_OBJC_ROOT_CLASS = YES_ERROR;
				CLANG_WARN_QUOTED_INCLUDE_IN_FRAMEWORK_HEADER = YES;
				CLANG_WARN_RANGE_LOOP_ANALYSIS = YES;
				CLANG_WARN_STRICT_PROTOTYPES = YES;
				CLANG_WARN_SUSPICIOUS_MOVE = YES;
				CLANG_WARN_UNGUARDED_AVAILABILITY = YES_AGGRESSIVE;
				CLANG_WARN_UNREACHABLE_CODE = YES;
				CLANG_WARN__DUPLICATE_METHOD_MATCH = YES;
				COPY_PHASE_STRIP = NO;
				DEBUG_INFORMATION_FORMAT = "dwarf-with-dsym";
				ENABLE_NS_ASSERTIONS = NO;
				ENABLE_STRICT_OBJC_MSGSEND = YES;
				GCC_C_LANGUAGE_STANDARD = gnu11;
				GCC_NO_COMMON_BLOCKS = YES;
				GCC_WARN_64_TO_32_BIT_CONVERSION = YES;
				GCC_WARN_ABOUT_RETURN_TYPE = YES_ERROR;
				GCC_WARN_UNDECLARED_SELECTOR = YES;
				GCC_WARN_UNINITIALIZED_AUTOS = YES_AGGRESSIVE;
				GCC_WARN_UNUSED_FUNCTION = YES;
				GCC_WARN_UNUSED_VARIABLE = YES;
				IPHONEOS_DEPLOYMENT_TARGET = 16.4;
				MTL_ENABLE_DEBUG_INFO = NO;
				MTL_FAST_MATH = YES;
				SDKROOT = iphoneos;
				SWIFT_COMPILATION_MODE = wholemodule;
				SWIFT_OPTIMIZATION_LEVEL = "-O";
				VALIDATE_PRODUCT = YES;
			};
			name = Release;
		};
		11866AAD29E845D2000D9379 /* Debug */ = {
			isa = XCBuildConfiguration;
			buildSettings = {
				ASSETCATALOG_COMPILER_APPICON_NAME = AppIcon;
				ASSETCATALOG_COMPILER_GLOBAL_ACCENT_COLOR_NAME = AccentColor;
				CODE_SIGN_STYLE = Automatic;
				CURRENT_PROJECT_VERSION = 1;
				DEVELOPMENT_TEAM = 3V6USXUV59;
				GENERATE_INFOPLIST_FILE = YES;
				INFOPLIST_FILE = ARExample/App/Info.plist;
				INFOPLIST_KEY_UIApplicationSupportsIndirectInputEvents = YES;
				INFOPLIST_KEY_UILaunchStoryboardName = LaunchScreen;
				INFOPLIST_KEY_UISupportedInterfaceOrientations_iPad = "UIInterfaceOrientationPortrait UIInterfaceOrientationPortraitUpsideDown UIInterfaceOrientationLandscapeLeft UIInterfaceOrientationLandscapeRight";
				INFOPLIST_KEY_UISupportedInterfaceOrientations_iPhone = "UIInterfaceOrientationPortrait UIInterfaceOrientationLandscapeLeft UIInterfaceOrientationLandscapeRight";
				IPHONEOS_DEPLOYMENT_TARGET = 14.0;
				LD_RUNPATH_SEARCH_PATHS = (
					"$(inherited)",
					"@executable_path/Frameworks",
				);
				MARKETING_VERSION = 1.0;
				PRODUCT_BUNDLE_IDENTIFIER = com.nick.ARExample;
				PRODUCT_NAME = "$(TARGET_NAME)";
				SWIFT_EMIT_LOC_STRINGS = YES;
				SWIFT_VERSION = 5.0;
				TARGETED_DEVICE_FAMILY = "1,2";
			};
			name = Debug;
		};
		11866AAE29E845D2000D9379 /* Release */ = {
			isa = XCBuildConfiguration;
			buildSettings = {
				ASSETCATALOG_COMPILER_APPICON_NAME = AppIcon;
				ASSETCATALOG_COMPILER_GLOBAL_ACCENT_COLOR_NAME = AccentColor;
				CODE_SIGN_STYLE = Automatic;
				CURRENT_PROJECT_VERSION = 1;
				DEVELOPMENT_TEAM = 3V6USXUV59;
				GENERATE_INFOPLIST_FILE = YES;
				INFOPLIST_FILE = ARExample/App/Info.plist;
				INFOPLIST_KEY_UIApplicationSupportsIndirectInputEvents = YES;
				INFOPLIST_KEY_UILaunchStoryboardName = LaunchScreen;
				INFOPLIST_KEY_UISupportedInterfaceOrientations_iPad = "UIInterfaceOrientationPortrait UIInterfaceOrientationPortraitUpsideDown UIInterfaceOrientationLandscapeLeft UIInterfaceOrientationLandscapeRight";
				INFOPLIST_KEY_UISupportedInterfaceOrientations_iPhone = "UIInterfaceOrientationPortrait UIInterfaceOrientationLandscapeLeft UIInterfaceOrientationLandscapeRight";
				IPHONEOS_DEPLOYMENT_TARGET = 14.0;
				LD_RUNPATH_SEARCH_PATHS = (
					"$(inherited)",
					"@executable_path/Frameworks",
				);
				MARKETING_VERSION = 1.0;
				PRODUCT_BUNDLE_IDENTIFIER = com.nick.ARExample;
				PRODUCT_NAME = "$(TARGET_NAME)";
				SWIFT_EMIT_LOC_STRINGS = YES;
				SWIFT_VERSION = 5.0;
				TARGETED_DEVICE_FAMILY = "1,2";
			};
			name = Release;
		};
/* End XCBuildConfiguration section */

/* Begin XCConfigurationList section */
		11866A9329E845D1000D9379 /* Build configuration list for PBXProject "ARExample" */ = {
			isa = XCConfigurationList;
			buildConfigurations = (
				11866AAA29E845D2000D9379 /* Debug */,
				11866AAB29E845D2000D9379 /* Release */,
			);
			defaultConfigurationIsVisible = 0;
			defaultConfigurationName = Release;
		};
		11866AAC29E845D2000D9379 /* Build configuration list for PBXNativeTarget "ARExample" */ = {
			isa = XCConfigurationList;
			buildConfigurations = (
				11866AAD29E845D2000D9379 /* Debug */,
				11866AAE29E845D2000D9379 /* Release */,
			);
			defaultConfigurationIsVisible = 0;
			defaultConfigurationName = Release;
		};
/* End XCConfigurationList section */

/* Begin XCRemoteSwiftPackageReference section */
		11866AB329E84AD3000D9379 /* XCRemoteSwiftPackageReference "GLTFSceneKit" */ = {
			isa = XCRemoteSwiftPackageReference;
			repositoryURL = "https://github.com/magicien/GLTFSceneKit";
			requirement = {
				kind = upToNextMajorVersion;
				minimumVersion = 0.4.1;
			};
		};
/* End XCRemoteSwiftPackageReference section */

/* Begin XCSwiftPackageProductDependency section */
		11866AB429E84AD3000D9379 /* GLTFSceneKit */ = {
			isa = XCSwiftPackageProductDependency;
			package = 11866AB329E84AD3000D9379 /* XCRemoteSwiftPackageReference "GLTFSceneKit" */;
			productName = GLTFSceneKit;
		};
/* End XCSwiftPackageProductDependency section */
	};
	rootObject = 11866A9029E845D1000D9379 /* Project object */;
}
